
Microsoft Visual Studio Solution File, Format Version 12.00
# Visual Studio Version 17
VisualStudioVersion = 17.4.33122.133
MinimumVisualStudioVersion = 10.0.40219.1
Project("{9A19103F-16F7-4668-BE54-9A1E7A4F7556}") = "InputTextBox", "InputTextBox\InputTextBox.csproj", "{061FE0F6-42B4-40CF-BDDE-FD559510C459}"
EndProject
Project("{FAE04EC0-301F-11D3-BF4B-00C04F79EFBC}") = "CheckBox", "CheckBox\CheckBox.csproj", "{76DB2458-6DD0-4CA2-928A-C7CEBAE187F0}"
EndProject
Project("{FAE04EC0-301F-11D3-BF4B-00C04F79EFBC}") = "RadioButton", "RadioButton\RadioButton.csproj", "{62D3CB7A-74BC-4E28-837F-5C9E9C865777}"
EndProject
Project("{FAE04EC0-301F-11D3-BF4B-00C04F79EFBC}") = "DropDown", "DropDown\DropDown.csproj", "{86344FB8-BE72-4DB7-B14C-53AC3EE244FD}"
EndProject
Project("{FAE04EC0-301F-11D3-BF4B-00C04F79EFBC}") = "AllertBox", "AllertBox\AllertBox.csproj", "{88CE0939-98A2-4C54-BDD3-9D881A7E34EC}"
EndProject
Global
	GlobalSection(SolutionConfigurationPlatforms) = preSolution
		Debug|Any CPU = Debug|Any CPU
		Release|Any CPU = Release|Any CPU
	EndGlobalSection
	GlobalSection(ProjectConfigurationPlatforms) = postSolution
		{061FE0F6-42B4-40CF-BDDE-FD559510C459}.Debug|Any CPU.ActiveCfg = Debug|Any CPU
		{061FE0F6-42B4-40CF-BDDE-FD559510C459}.Debug|Any CPU.Build.0 = Debug|Any CPU
		{061FE0F6-42B4-40CF-BDDE-FD559510C459}.Release|Any CPU.ActiveCfg = Release|Any CPU
		{061FE0F6-42B4-40CF-BDDE-FD559510C459}.Release|Any CPU.Build.0 = Release|Any CPU
		{76DB2458-6DD0-4CA2-928A-C7CEBAE187F0}.Debug|Any CPU.ActiveCfg = Debug|Any CPU
		{76DB2458-6DD0-4CA2-928A-C7CEBAE187F0}.Debug|Any CPU.Build.0 = Debug|Any CPU
		{76DB2458-6DD0-4CA2-928A-C7CEBAE187F0}.Release|Any CPU.ActiveCfg = Release|Any CPU
		{76DB2458-6DD0-4CA2-928A-C7CEBAE187F0}.Release|Any CPU.Build.0 = Release|Any CPU
		{62D3CB7A-74BC-4E28-837F-5C9E9C865777}.Debug|Any CPU.ActiveCfg = Debug|Any CPU
		{62D3CB7A-74BC-4E28-837F-5C9E9C865777}.Debug|Any CPU.Build.0 = Debug|Any CPU
		{62D3CB7A-74BC-4E28-837F-5C9E9C865777}.Release|Any CPU.ActiveCfg = Release|Any CPU
		{62D3CB7A-74BC-4E28-837F-5C9E9C865777}.Release|Any CPU.Build.0 = Release|Any CPU
		{86344FB8-BE72-4DB7-B14C-53AC3EE244FD}.Debug|Any CPU.ActiveCfg = Debug|Any CPU
		{86344FB8-BE72-4DB7-B14C-53AC3EE244FD}.Debug|Any CPU.Build.0 = Debug|Any CPU
		{86344FB8-BE72-4DB7-B14C-53AC3EE244FD}.Release|Any CPU.ActiveCfg = Release|Any CPU
		{86344FB8-BE72-4DB7-B14C-53AC3EE244FD}.Release|Any CPU.Build.0 = Release|Any CPU
		{88CE0939-98A2-4C54-BDD3-9D881A7E34EC}.Debug|Any CPU.ActiveCfg = Debug|Any CPU
		{88CE0939-98A2-4C54-BDD3-9D881A7E34EC}.Debug|Any CPU.Build.0 = Debug|Any CPU
		{88CE0939-98A2-4C54-BDD3-9D881A7E34EC}.Release|Any CPU.ActiveCfg = Release|Any CPU
		{88CE0939-98A2-4C54-BDD3-9D881A7E34EC}.Release|Any CPU.Build.0 = Release|Any CPU
	EndGlobalSection
	GlobalSection(SolutionProperties) = preSolution
		HideSolutionNode = FALSE
	EndGlobalSection
	GlobalSection(ExtensibilityGlobals) = postSolution
		SolutionGuid = {7E004B29-5284-4E24-8668-1994AB86D4A3}
	EndGlobalSection
EndGlobal
