
Microsoft Visual Studio Solution File, Format Version 12.00
# Visual Studio Version 17
VisualStudioVersion = 17.4.33122.133
MinimumVisualStudioVersion = 10.0.40219.1
Project("{9A19103F-16F7-4668-BE54-9A1E7A4F7556}") = "Name_Selector", "Name_Selector\Name_Selector.csproj", "{39A1AE5E-AF44-472B-AECC-E4F611000802}"
EndProject
Project("{9A19103F-16F7-4668-BE54-9A1E7A4F7556}") = "ID_Selector", "ID_Selector\ID_Selector.csproj", "{D56B228B-AD2F-439E-A2B3-1656397F0C20}"
EndProject
Project("{9A19103F-16F7-4668-BE54-9A1E7A4F7556}") = "ClassName_Selector", "ClassName_Selector\ClassName_Selector.csproj", "{0CDFA860-E09E-48AD-BC39-BC13A36ED6A5}"
EndProject
Project("{FAE04EC0-301F-11D3-BF4B-00C04F79EFBC}") = "CSS_XPath", "CSS_XPath\CSS_XPath.csproj", "{C066C9E4-5EEE-4507-AF18-10E7F771144B}"
EndProject
Global
	GlobalSection(SolutionConfigurationPlatforms) = preSolution
		Debug|Any CPU = Debug|Any CPU
		Release|Any CPU = Release|Any CPU
	EndGlobalSection
	GlobalSection(ProjectConfigurationPlatforms) = postSolution
		{39A1AE5E-AF44-472B-AECC-E4F611000802}.Debug|Any CPU.ActiveCfg = Debug|Any CPU
		{39A1AE5E-AF44-472B-AECC-E4F611000802}.Debug|Any CPU.Build.0 = Debug|Any CPU
		{39A1AE5E-AF44-472B-AECC-E4F611000802}.Release|Any CPU.ActiveCfg = Release|Any CPU
		{39A1AE5E-AF44-472B-AECC-E4F611000802}.Release|Any CPU.Build.0 = Release|Any CPU
		{D56B228B-AD2F-439E-A2B3-1656397F0C20}.Debug|Any CPU.ActiveCfg = Debug|Any CPU
		{D56B228B-AD2F-439E-A2B3-1656397F0C20}.Debug|Any CPU.Build.0 = Debug|Any CPU
		{D56B228B-AD2F-439E-A2B3-1656397F0C20}.Release|Any CPU.ActiveCfg = Release|Any CPU
		{D56B228B-AD2F-439E-A2B3-1656397F0C20}.Release|Any CPU.Build.0 = Release|Any CPU
		{0CDFA860-E09E-48AD-BC39-BC13A36ED6A5}.Debug|Any CPU.ActiveCfg = Debug|Any CPU
		{0CDFA860-E09E-48AD-BC39-BC13A36ED6A5}.Debug|Any CPU.Build.0 = Debug|Any CPU
		{0CDFA860-E09E-48AD-BC39-BC13A36ED6A5}.Release|Any CPU.ActiveCfg = Release|Any CPU
		{0CDFA860-E09E-48AD-BC39-BC13A36ED6A5}.Release|Any CPU.Build.0 = Release|Any CPU
		{C066C9E4-5EEE-4507-AF18-10E7F771144B}.Debug|Any CPU.ActiveCfg = Debug|Any CPU
		{C066C9E4-5EEE-4507-AF18-10E7F771144B}.Debug|Any CPU.Build.0 = Debug|Any CPU
		{C066C9E4-5EEE-4507-AF18-10E7F771144B}.Release|Any CPU.ActiveCfg = Release|Any CPU
		{C066C9E4-5EEE-4507-AF18-10E7F771144B}.Release|Any CPU.Build.0 = Release|Any CPU
	EndGlobalSection
	GlobalSection(SolutionProperties) = preSolution
		HideSolutionNode = FALSE
	EndGlobalSection
	GlobalSection(ExtensibilityGlobals) = postSolution
		SolutionGuid = {9E35DAE8-D44C-4970-8C6C-C126952A2CEF}
	EndGlobalSection
EndGlobal
